// !$*UTF8*$!
{
	archiveVersion = 1;
	classes = {
	};
	objectVersion = 46;
	objects = {

/* Begin PBXBuildFile section */
		434769D71C0C77EC002346EE /* main.m in Sources */ = {isa = PBXBuildFile; fileRef = 434769D61C0C77EC002346EE /* main.m */; };
		434769DA1C0C77EC002346EE /* AppDelegate.m in Sources */ = {isa = PBXBuildFile; fileRef = 434769D91C0C77EC002346EE /* AppDelegate.m */; };
		434769DD1C0C77EC002346EE /* ViewController.m in Sources */ = {isa = PBXBuildFile; fileRef = 434769DC1C0C77EC002346EE /* ViewController.m */; };
		434769E01C0C77ED002346EE /* Main.storyboard in Resources */ = {isa = PBXBuildFile; fileRef = 434769DE1C0C77ED002346EE /* Main.storyboard */; };
		434769E21C0C77ED002346EE /* Assets.xcassets in Resources */ = {isa = PBXBuildFile; fileRef = 434769E11C0C77ED002346EE /* Assets.xcassets */; };
		434769E51C0C77ED002346EE /* LaunchScreen.storyboard in Resources */ = {isa = PBXBuildFile; fileRef = 434769E31C0C77ED002346EE /* LaunchScreen.storyboard */; };
		434769F01C0C77ED002346EE /* WhirlyMapDemoTests.m in Sources */ = {isa = PBXBuildFile; fileRef = 434769EF1C0C77ED002346EE /* WhirlyMapDemoTests.m */; };
		434769FB1C0C77ED002346EE /* WhirlyMapDemoUITests.m in Sources */ = {isa = PBXBuildFile; fileRef = 434769FA1C0C77ED002346EE /* WhirlyMapDemoUITests.m */; };
/* End PBXBuildFile section */

/* Begin PBXContainerItemProxy section */
		434769EC1C0C77ED002346EE /* PBXContainerItemProxy */ = {
			isa = PBXContainerItemProxy;
			containerPortal = 434769CA1C0C77EC002346EE /* Project object */;
			proxyType = 1;
			remoteGlobalIDString = 434769D11C0C77EC002346EE;
			remoteInfo = WhirlyMapDemo;
		};
		434769F71C0C77ED002346EE /* PBXContainerItemProxy */ = {
			isa = PBXContainerItemProxy;
			containerPortal = 434769CA1C0C77EC002346EE /* Project object */;
			proxyType = 1;
			remoteGlobalIDString = 434769D11C0C77EC002346EE;
			remoteInfo = WhirlyMapDemo;
		};
/* End PBXContainerItemProxy section */

/* Begin PBXFileReference section */
		434769D21C0C77EC002346EE /* WhirlyMapDemo.app */ = {isa = PBXFileReference; explicitFileType = wrapper.application; includeInIndex = 0; path = WhirlyMapDemo.app; sourceTree = BUILT_PRODUCTS_DIR; };
		434769D61C0C77EC002346EE /* main.m */ = {isa = PBXFileReference; lastKnownFileType = sourcecode.c.objc; path = main.m; sourceTree = "<group>"; };
		434769D81C0C77EC002346EE /* AppDelegate.h */ = {isa = PBXFileReference; lastKnownFileType = sourcecode.c.h; path = AppDelegate.h; sourceTree = "<group>"; };
		434769D91C0C77EC002346EE /* AppDelegate.m */ = {isa = PBXFileReference; lastKnownFileType = sourcecode.c.objc; path = AppDelegate.m; sourceTree = "<group>"; };
		434769DB1C0C77EC002346EE /* ViewController.h */ = {isa = PBXFileReference; lastKnownFileType = sourcecode.c.h; path = ViewController.h; sourceTree = "<group>"; };
		434769DC1C0C77EC002346EE /* ViewController.m */ = {isa = PBXFileReference; lastKnownFileType = sourcecode.c.objc; path = ViewController.m; sourceTree = "<group>"; };
		434769DF1C0C77ED002346EE /* Base */ = {isa = PBXFileReference; lastKnownFileType = file.storyboard; name = Base; path = Base.lproj/Main.storyboard; sourceTree = "<group>"; };
		434769E11C0C77ED002346EE /* Assets.xcassets */ = {isa = PBXFileReference; lastKnownFileType = folder.assetcatalog; path = Assets.xcassets; sourceTree = "<group>"; };
		434769E41C0C77ED002346EE /* Base */ = {isa = PBXFileReference; lastKnownFileType = file.storyboard; name = Base; path = Base.lproj/LaunchScreen.storyboard; sourceTree = "<group>"; };
		434769E61C0C77ED002346EE /* Info.plist */ = {isa = PBXFileReference; lastKnownFileType = text.plist.xml; path = Info.plist; sourceTree = "<group>"; };
		434769EB1C0C77ED002346EE /* WhirlyMapDemoTests.xctest */ = {isa = PBXFileReference; explicitFileType = wrapper.cfbundle; includeInIndex = 0; path = WhirlyMapDemoTests.xctest; sourceTree = BUILT_PRODUCTS_DIR; };
		434769EF1C0C77ED002346EE /* WhirlyMapDemoTests.m */ = {isa = PBXFileReference; lastKnownFileType = sourcecode.c.objc; path = WhirlyMapDemoTests.m; sourceTree = "<group>"; };
		434769F11C0C77ED002346EE /* Info.plist */ = {isa = PBXFileReference; lastKnownFileType = text.plist.xml; path = Info.plist; sourceTree = "<group>"; };
		434769F61C0C77ED002346EE /* WhirlyMapDemoUITests.xctest */ = {isa = PBXFileReference; explicitFileType = wrapper.cfbundle; includeInIndex = 0; path = WhirlyMapDemoUITests.xctest; sourceTree = BUILT_PRODUCTS_DIR; };
		434769FA1C0C77ED002346EE /* WhirlyMapDemoUITests.m */ = {isa = PBXFileReference; lastKnownFileType = sourcecode.c.objc; path = WhirlyMapDemoUITests.m; sourceTree = "<group>"; };
		434769FC1C0C77ED002346EE /* Info.plist */ = {isa = PBXFileReference; lastKnownFileType = text.plist.xml; path = Info.plist; sourceTree = "<group>"; };
/* End PBXFileReference section */

/* Begin PBXFrameworksBuildPhase section */
		434769CF1C0C77EC002346EE /* Frameworks */ = {
			isa = PBXFrameworksBuildPhase;
			buildActionMask = 2147483647;
			files = (
			);
			runOnlyForDeploymentPostprocessing = 0;
		};
		434769E81C0C77ED002346EE /* Frameworks */ = {
			isa = PBXFrameworksBuildPhase;
			buildActionMask = 2147483647;
			files = (
			);
			runOnlyForDeploymentPostprocessing = 0;
		};
		434769F31C0C77ED002346EE /* Frameworks */ = {
			isa = PBXFrameworksBuildPhase;
			buildActionMask = 2147483647;
			files = (
			);
			runOnlyForDeploymentPostprocessing = 0;
		};
/* End PBXFrameworksBuildPhase section */

/* Begin PBXGroup section */
		434769C91C0C77EC002346EE = {
			isa = PBXGroup;
			children = (
				434769D41C0C77EC002346EE /* WhirlyMapDemo */,
				434769EE1C0C77ED002346EE /* WhirlyMapDemoTests */,
				434769F91C0C77ED002346EE /* WhirlyMapDemoUITests */,
				434769D31C0C77EC002346EE /* Products */,
			);
			sourceTree = "<group>";
		};
		434769D31C0C77EC002346EE /* Products */ = {
			isa = PBXGroup;
			children = (
				434769D21C0C77EC002346EE /* WhirlyMapDemo.app */,
				434769EB1C0C77ED002346EE /* WhirlyMapDemoTests.xctest */,
				434769F61C0C77ED002346EE /* WhirlyMapDemoUITests.xctest */,
			);
			name = Products;
			sourceTree = "<group>";
		};
		434769D41C0C77EC002346EE /* WhirlyMapDemo */ = {
			isa = PBXGroup;
			children = (
				434769D81C0C77EC002346EE /* AppDelegate.h */,
				434769D91C0C77EC002346EE /* AppDelegate.m */,
				434769DB1C0C77EC002346EE /* ViewController.h */,
				434769DC1C0C77EC002346EE /* ViewController.m */,
				434769DE1C0C77ED002346EE /* Main.storyboard */,
				434769E11C0C77ED002346EE /* Assets.xcassets */,
				434769E31C0C77ED002346EE /* LaunchScreen.storyboard */,
				434769E61C0C77ED002346EE /* Info.plist */,
				434769D51C0C77EC002346EE /* Supporting Files */,
			);
			path = WhirlyMapDemo;
			sourceTree = "<group>";
		};
		434769D51C0C77EC002346EE /* Supporting Files */ = {
			isa = PBXGroup;
			children = (
				434769D61C0C77EC002346EE /* main.m */,
			);
			name = "Supporting Files";
			sourceTree = "<group>";
		};
		434769EE1C0C77ED002346EE /* WhirlyMapDemoTests */ = {
			isa = PBXGroup;
			children = (
				434769EF1C0C77ED002346EE /* WhirlyMapDemoTests.m */,
				434769F11C0C77ED002346EE /* Info.plist */,
			);
			path = WhirlyMapDemoTests;
			sourceTree = "<group>";
		};
		434769F91C0C77ED002346EE /* WhirlyMapDemoUITests */ = {
			isa = PBXGroup;
			children = (
				434769FA1C0C77ED002346EE /* WhirlyMapDemoUITests.m */,
				434769FC1C0C77ED002346EE /* Info.plist */,
			);
			path = WhirlyMapDemoUITests;
			sourceTree = "<group>";
		};
/* End PBXGroup section */

/* Begin PBXNativeTarget section */
		434769D11C0C77EC002346EE /* WhirlyMapDemo */ = {
			isa = PBXNativeTarget;
			buildConfigurationList = 434769FF1C0C77ED002346EE /* Build configuration list for PBXNativeTarget "WhirlyMapDemo" */;
			buildPhases = (
				434769CE1C0C77EC002346EE /* Sources */,
				434769CF1C0C77EC002346EE /* Frameworks */,
				434769D01C0C77EC002346EE /* Resources */,
			);
			buildRules = (
			);
			dependencies = (
			);
			name = WhirlyMapDemo;
			productName = WhirlyMapDemo;
			productReference = 434769D21C0C77EC002346EE /* WhirlyMapDemo.app */;
			productType = "com.apple.product-type.application";
		};
		434769EA1C0C77ED002346EE /* WhirlyMapDemoTests */ = {
			isa = PBXNativeTarget;
			buildConfigurationList = 43476A021C0C77ED002346EE /* Build configuration list for PBXNativeTarget "WhirlyMapDemoTests" */;
			buildPhases = (
				434769E71C0C77ED002346EE /* Sources */,
				434769E81C0C77ED002346EE /* Frameworks */,
				434769E91C0C77ED002346EE /* Resources */,
			);
			buildRules = (
			);
			dependencies = (
				434769ED1C0C77ED002346EE /* PBXTargetDependency */,
			);
			name = WhirlyMapDemoTests;
			productName = WhirlyMapDemoTests;
			productReference = 434769EB1C0C77ED002346EE /* WhirlyMapDemoTests.xctest */;
			productType = "com.apple.product-type.bundle.unit-test";
		};
		434769F51C0C77ED002346EE /* WhirlyMapDemoUITests */ = {
			isa = PBXNativeTarget;
			buildConfigurationList = 43476A051C0C77ED002346EE /* Build configuration list for PBXNativeTarget "WhirlyMapDemoUITests" */;
			buildPhases = (
				434769F21C0C77ED002346EE /* Sources */,
				434769F31C0C77ED002346EE /* Frameworks */,
				434769F41C0C77ED002346EE /* Resources */,
			);
			buildRules = (
			);
			dependencies = (
				434769F81C0C77ED002346EE /* PBXTargetDependency */,
			);
			name = WhirlyMapDemoUITests;
			productName = WhirlyMapDemoUITests;
			productReference = 434769F61C0C77ED002346EE /* WhirlyMapDemoUITests.xctest */;
			productType = "com.apple.product-type.bundle.ui-testing";
		};
/* End PBXNativeTarget section */

/* Begin PBXProject section */
		434769CA1C0C77EC002346EE /* Project object */ = {
			isa = PBXProject;
			attributes = {
				LastUpgradeCheck = 0710;
				ORGANIZATIONNAME = "Benjamin Kron";
				TargetAttributes = {
					434769D11C0C77EC002346EE = {
						CreatedOnToolsVersion = 7.1.1;
						DevelopmentTeam = TD6XLVA697;
					};
					434769EA1C0C77ED002346EE = {
						CreatedOnToolsVersion = 7.1.1;
						DevelopmentTeam = TD6XLVA697;
						TestTargetID = 434769D11C0C77EC002346EE;
					};
					434769F51C0C77ED002346EE = {
						CreatedOnToolsVersion = 7.1.1;
						DevelopmentTeam = TD6XLVA697;
						TestTargetID = 434769D11C0C77EC002346EE;
					};
				};
			};
			buildConfigurationList = 434769CD1C0C77EC002346EE /* Build configuration list for PBXProject "WhirlyMapDemo" */;
			compatibilityVersion = "Xcode 3.2";
			developmentRegion = English;
			hasScannedForEncodings = 0;
			knownRegions = (
				en,
				Base,
			);
			mainGroup = 434769C91C0C77EC002346EE;
			productRefGroup = 434769D31C0C77EC002346EE /* Products */;
			projectDirPath = "";
			projectRoot = "";
			targets = (
				434769D11C0C77EC002346EE /* WhirlyMapDemo */,
				434769EA1C0C77ED002346EE /* WhirlyMapDemoTests */,
				434769F51C0C77ED002346EE /* WhirlyMapDemoUITests */,
			);
		};
/* End PBXProject section */

/* Begin PBXResourcesBuildPhase section */
		434769D01C0C77EC002346EE /* Resources */ = {
			isa = PBXResourcesBuildPhase;
			buildActionMask = 2147483647;
			files = (
				434769E51C0C77ED002346EE /* LaunchScreen.storyboard in Resources */,
				434769E21C0C77ED002346EE /* Assets.xcassets in Resources */,
				434769E01C0C77ED002346EE /* Main.storyboard in Resources */,
			);
			runOnlyForDeploymentPostprocessing = 0;
		};
		434769E91C0C77ED002346EE /* Resources */ = {
			isa = PBXResourcesBuildPhase;
			buildActionMask = 2147483647;
			files = (
			);
			runOnlyForDeploymentPostprocessing = 0;
		};
		434769F41C0C77ED002346EE /* Resources */ = {
			isa = PBXResourcesBuildPhase;
			buildActionMask = 2147483647;
			files = (
			);
			runOnlyForDeploymentPostprocessing = 0;
		};
/* End PBXResourcesBuildPhase section */

/* Begin PBXSourcesBuildPhase section */
		434769CE1C0C77EC002346EE /* Sources */ = {
			isa = PBXSourcesBuildPhase;
			buildActionMask = 2147483647;
			files = (
				434769DD1C0C77EC002346EE /* ViewController.m in Sources */,
				434769DA1C0C77EC002346EE /* AppDelegate.m in Sources */,
				434769D71C0C77EC002346EE /* main.m in Sources */,
			);
			runOnlyForDeploymentPostprocessing = 0;
		};
		434769E71C0C77ED002346EE /* Sources */ = {
			isa = PBXSourcesBuildPhase;
			buildActionMask = 2147483647;
			files = (
				434769F01C0C77ED002346EE /* WhirlyMapDemoTests.m in Sources */,
			);
			runOnlyForDeploymentPostprocessing = 0;
		};
		434769F21C0C77ED002346EE /* Sources */ = {
			isa = PBXSourcesBuildPhase;
			buildActionMask = 2147483647;
			files = (
				434769FB1C0C77ED002346EE /* WhirlyMapDemoUITests.m in Sources */,
			);
			runOnlyForDeploymentPostprocessing = 0;
		};
/* End PBXSourcesBuildPhase section */

/* Begin PBXTargetDependency section */
		434769ED1C0C77ED002346EE /* PBXTargetDependency */ = {
			isa = PBXTargetDependency;
			target = 434769D11C0C77EC002346EE /* WhirlyMapDemo */;
			targetProxy = 434769EC1C0C77ED002346EE /* PBXContainerItemProxy */;
		};
		434769F81C0C77ED002346EE /* PBXTargetDependency */ = {
			isa = PBXTargetDependency;
			target = 434769D11C0C77EC002346EE /* WhirlyMapDemo */;
			targetProxy = 434769F71C0C77ED002346EE /* PBXContainerItemProxy */;
		};
/* End PBXTargetDependency section */

/* Begin PBXVariantGroup section */
		434769DE1C0C77ED002346EE /* Main.storyboard */ = {
			isa = PBXVariantGroup;
			children = (
				434769DF1C0C77ED002346EE /* Base */,
			);
			name = Main.storyboard;
			sourceTree = "<group>";
		};
		434769E31C0C77ED002346EE /* LaunchScreen.storyboard */ = {
			isa = PBXVariantGroup;
			children = (
				434769E41C0C77ED002346EE /* Base */,
			);
			name = LaunchScreen.storyboard;
			sourceTree = "<group>";
		};
/* End PBXVariantGroup section */

/* Begin XCBuildConfiguration section */
		434769FD1C0C77ED002346EE /* Debug */ = {
			isa = XCBuildConfiguration;
			buildSettings = {
				ALWAYS_SEARCH_USER_PATHS = NO;
				CLANG_CXX_LANGUAGE_STANDARD = "gnu++0x";
				CLANG_CXX_LIBRARY = "libc++";
				CLANG_ENABLE_MODULES = YES;
				CLANG_ENABLE_OBJC_ARC = YES;
				CLANG_WARN_BOOL_CONVERSION = YES;
				CLANG_WARN_CONSTANT_CONVERSION = YES;
				CLANG_WARN_DIRECT_OBJC_ISA_USAGE = YES_ERROR;
				CLANG_WARN_EMPTY_BODY = YES;
				CLANG_WARN_ENUM_CONVERSION = YES;
				CLANG_WARN_INT_CONVERSION = YES;
				CLANG_WARN_OBJC_ROOT_CLASS = YES_ERROR;
				CLANG_WARN_UNREACHABLE_CODE = YES;
				CLANG_WARN__DUPLICATE_METHOD_MATCH = YES;
				"CODE_SIGN_IDENTITY[sdk=iphoneos*]" = "iPhone Developer";
				COPY_PHASE_STRIP = NO;
				DEBUG_INFORMATION_FORMAT = dwarf;
				ENABLE_STRICT_OBJC_MSGSEND = YES;
				ENABLE_TESTABILITY = YES;
				GCC_C_LANGUAGE_STANDARD = gnu99;
				GCC_DYNAMIC_NO_PIC = NO;
				GCC_NO_COMMON_BLOCKS = YES;
				GCC_OPTIMIZATION_LEVEL = 0;
				GCC_PREPROCESSOR_DEFINITIONS = (
					"DEBUG=1",
					"$(inherited)",
				);
				GCC_WARN_64_TO_32_BIT_CONVERSION = YES;
				GCC_WARN_ABOUT_RETURN_TYPE = YES_ERROR;
				GCC_WARN_UNDECLARED_SELECTOR = YES;
				GCC_WARN_UNINITIALIZED_AUTOS = YES_AGGRESSIVE;
				GCC_WARN_UNUSED_FUNCTION = YES;
				GCC_WARN_UNUSED_VARIABLE = YES;
				IPHONEOS_DEPLOYMENT_TARGET = 9.1;
				MTL_ENABLE_DEBUG_INFO = YES;
				ONLY_ACTIVE_ARCH = YES;
				SDKROOT = iphoneos;
				TARGETED_DEVICE_FAMILY = "1,2";
			};
			name = Debug;
		};
		434769FE1C0C77ED002346EE /* Release */ = {
			isa = XCBuildConfiguration;
			buildSettings = {
				ALWAYS_SEARCH_USER_PATHS = NO;
				CLANG_CXX_LANGUAGE_STANDARD = "gnu++0x";
				CLANG_CXX_LIBRARY = "libc++";
				CLANG_ENABLE_MODULES = YES;
				CLANG_ENABLE_OBJC_ARC = YES;
				CLANG_WARN_BOOL_CONVERSION = YES;
				CLANG_WARN_CONSTANT_CONVERSION = YES;
				CLANG_WARN_DIRECT_OBJC_ISA_USAGE = YES_ERROR;
				CLANG_WARN_EMPTY_BODY = YES;
				CLANG_WARN_ENUM_CONVERSION = YES;
				CLANG_WARN_INT_CONVERSION = YES;
				CLANG_WARN_OBJC_ROOT_CLASS = YES_ERROR;
				CLANG_WARN_UNREACHABLE_CODE = YES;
				CLANG_WARN__DUPLICATE_METHOD_MATCH = YES;
				"CODE_SIGN_IDENTITY[sdk=iphoneos*]" = "iPhone Developer";
				COPY_PHASE_STRIP = NO;
				DEBUG_INFORMATION_FORMAT = "dwarf-with-dsym";
				ENABLE_NS_ASSERTIONS = NO;
				ENABLE_STRICT_OBJC_MSGSEND = YES;
				GCC_C_LANGUAGE_STANDARD = gnu99;
				GCC_NO_COMMON_BLOCKS = YES;
				GCC_WARN_64_TO_32_BIT_CONVERSION = YES;
				GCC_WARN_ABOUT_RETURN_TYPE = YES_ERROR;
				GCC_WARN_UNDECLARED_SELECTOR = YES;
				GCC_WARN_UNINITIALIZED_AUTOS = YES_AGGRESSIVE;
				GCC_WARN_UNUSED_FUNCTION = YES;
				GCC_WARN_UNUSED_VARIABLE = YES;
				IPHONEOS_DEPLOYMENT_TARGET = 9.1;
				MTL_ENABLE_DEBUG_INFO = NO;
				SDKROOT = iphoneos;
				TARGETED_DEVICE_FAMILY = "1,2";
				VALIDATE_PRODUCT = YES;
			};
			name = Release;
		};
		43476A001C0C77ED002346EE /* Debug */ = {
			isa = XCBuildConfiguration;
			buildSettings = {
				ASSETCATALOG_COMPILER_APPICON_NAME = AppIcon;
				INFOPLIST_FILE = WhirlyMapDemo/Info.plist;
				LD_RUNPATH_SEARCH_PATHS = "$(inherited) @executable_path/Frameworks";
				PRODUCT_BUNDLE_IDENTIFIER = com.benk.WhirlyMapDemo;
				PRODUCT_NAME = "$(TARGET_NAME)";
			};
			name = Debug;
		};
		43476A011C0C77ED002346EE /* Release */ = {
			isa = XCBuildConfiguration;
			buildSettings = {
				ASSETCATALOG_COMPILER_APPICON_NAME = AppIcon;
				INFOPLIST_FILE = WhirlyMapDemo/Info.plist;
				LD_RUNPATH_SEARCH_PATHS = "$(inherited) @executable_path/Frameworks";
				PRODUCT_BUNDLE_IDENTIFIER = com.benk.WhirlyMapDemo;
				PRODUCT_NAME = "$(TARGET_NAME)";
			};
			name = Release;
		};
		43476A031C0C77ED002346EE /* Debug */ = {
			isa = XCBuildConfiguration;
			buildSettings = {
				BUNDLE_LOADER = "$(TEST_HOST)";
				INFOPLIST_FILE = WhirlyMapDemoTests/Info.plist;
				LD_RUNPATH_SEARCH_PATHS = "$(inherited) @executable_path/Frameworks @loader_path/Frameworks";
				PRODUCT_BUNDLE_IDENTIFIER = com.benk.WhirlyMapDemoTests;
				PRODUCT_NAME = "$(TARGET_NAME)";
				TEST_HOST = "$(BUILT_PRODUCTS_DIR)/WhirlyMapDemo.app/WhirlyMapDemo";
			};
			name = Debug;
		};
		43476A041C0C77ED002346EE /* Release */ = {
			isa = XCBuildConfiguration;
			buildSettings = {
				BUNDLE_LOADER = "$(TEST_HOST)";
				INFOPLIST_FILE = WhirlyMapDemoTests/Info.plist;
				LD_RUNPATH_SEARCH_PATHS = "$(inherited) @executable_path/Frameworks @loader_path/Frameworks";
				PRODUCT_BUNDLE_IDENTIFIER = com.benk.WhirlyMapDemoTests;
				PRODUCT_NAME = "$(TARGET_NAME)";
				TEST_HOST = "$(BUILT_PRODUCTS_DIR)/WhirlyMapDemo.app/WhirlyMapDemo";
			};
			name = Release;
		};
		43476A061C0C77ED002346EE /* Debug */ = {
			isa = XCBuildConfiguration;
			buildSettings = {
				INFOPLIST_FILE = WhirlyMapDemoUITests/Info.plist;
				LD_RUNPATH_SEARCH_PATHS = "$(inherited) @executable_path/Frameworks @loader_path/Frameworks";
				PRODUCT_BUNDLE_IDENTIFIER = com.benk.WhirlyMapDemoUITests;
				PRODUCT_NAME = "$(TARGET_NAME)";
				TEST_TARGET_NAME = WhirlyMapDemo;
				USES_XCTRUNNER = YES;
			};
			name = Debug;
		};
		43476A071C0C77ED002346EE /* Release */ = {
			isa = XCBuildConfiguration;
			buildSettings = {
				INFOPLIST_FILE = WhirlyMapDemoUITests/Info.plist;
				LD_RUNPATH_SEARCH_PATHS = "$(inherited) @executable_path/Frameworks @loader_path/Frameworks";
				PRODUCT_BUNDLE_IDENTIFIER = com.benk.WhirlyMapDemoUITests;
				PRODUCT_NAME = "$(TARGET_NAME)";
				TEST_TARGET_NAME = WhirlyMapDemo;
				USES_XCTRUNNER = YES;
			};
			name = Release;
		};
/* End XCBuildConfiguration section */

/* Begin XCConfigurationList section */
		434769CD1C0C77EC002346EE /* Build configuration list for PBXProject "WhirlyMapDemo" */ = {
			isa = XCConfigurationList;
			buildConfigurations = (
				434769FD1C0C77ED002346EE /* Debug */,
				434769FE1C0C77ED002346EE /* Release */,
			);
			defaultConfigurationIsVisible = 0;
			defaultConfigurationName = Release;
		};
		434769FF1C0C77ED002346EE /* Build configuration list for PBXNativeTarget "WhirlyMapDemo" */ = {
			isa = XCConfigurationList;
			buildConfigurations = (
				43476A001C0C77ED002346EE /* Debug */,
				43476A011C0C77ED002346EE /* Release */,
			);
			defaultConfigurationIsVisible = 0;
		};
		43476A021C0C77ED002346EE /* Build configuration list for PBXNativeTarget "WhirlyMapDemoTests" */ = {
			isa = XCConfigurationList;
			buildConfigurations = (
				43476A031C0C77ED002346EE /* Debug */,
				43476A041C0C77ED002346EE /* Release */,
			);
			defaultConfigurationIsVisible = 0;
		};
		43476A051C0C77ED002346EE /* Build configuration list for PBXNativeTarget "WhirlyMapDemoUITests" */ = {
			isa = XCConfigurationList;
			buildConfigurations = (
				43476A061C0C77ED002346EE /* Debug */,
				43476A071C0C77ED002346EE /* Release */,
			);
			defaultConfigurationIsVisible = 0;
		};
/* End XCConfigurationList section */
	};
	rootObject = 434769CA1C0C77EC002346EE /* Project object */;
}
